
Microsoft Visual Studio Solution File, Format Version 12.00
# Visual Studio Version 16
VisualStudioVersion = 16.0.30114.105
MinimumVisualStudioVersion = 10.0.40219.1
Project("{FAE04EC0-301F-11D3-BF4B-00C04F79EFBC}") = "SampleRegression.ConsoleApp", "SampleRegression.ConsoleApp\SampleRegression.ConsoleApp.csproj", "{AF9E55A3-D275-44DA-BE1C-AEDE0495C36A}"
EndProject
Project("{FAE04EC0-301F-11D3-BF4B-00C04F79EFBC}") = "SampleRegression.Model", "SampleRegression.Model\SampleRegression.Model.csproj", "{87E6CEA4-F42F-4450-B405-958394DA5749}"
EndProject
Global
	GlobalSection(SolutionConfigurationPlatforms) = preSolution
		Debug|Any CPU = Debug|Any CPU
		Debug|x64 = Debug|x64
		Debug|x86 = Debug|x86
		Release|Any CPU = Release|Any CPU
		Release|x64 = Release|x64
		Release|x86 = Release|x86
	EndGlobalSection
	GlobalSection(SolutionProperties) = preSolution
		HideSolutionNode = FALSE
	EndGlobalSection
	GlobalSection(ProjectConfigurationPlatforms) = postSolution
		{AF9E55A3-D275-44DA-BE1C-AEDE0495C36A}.Debug|Any CPU.ActiveCfg = Debug|Any CPU
		{AF9E55A3-D275-44DA-BE1C-AEDE0495C36A}.Debug|Any CPU.Build.0 = Debug|Any CPU
		{AF9E55A3-D275-44DA-BE1C-AEDE0495C36A}.Debug|x64.ActiveCfg = Debug|Any CPU
		{AF9E55A3-D275-44DA-BE1C-AEDE0495C36A}.Debug|x64.Build.0 = Debug|Any CPU
		{AF9E55A3-D275-44DA-BE1C-AEDE0495C36A}.Debug|x86.ActiveCfg = Debug|Any CPU
		{AF9E55A3-D275-44DA-BE1C-AEDE0495C36A}.Debug|x86.Build.0 = Debug|Any CPU
		{AF9E55A3-D275-44DA-BE1C-AEDE0495C36A}.Release|Any CPU.ActiveCfg = Release|Any CPU
		{AF9E55A3-D275-44DA-BE1C-AEDE0495C36A}.Release|Any CPU.Build.0 = Release|Any CPU
		{AF9E55A3-D275-44DA-BE1C-AEDE0495C36A}.Release|x64.ActiveCfg = Release|Any CPU
		{AF9E55A3-D275-44DA-BE1C-AEDE0495C36A}.Release|x64.Build.0 = Release|Any CPU
		{AF9E55A3-D275-44DA-BE1C-AEDE0495C36A}.Release|x86.ActiveCfg = Release|Any CPU
		{AF9E55A3-D275-44DA-BE1C-AEDE0495C36A}.Release|x86.Build.0 = Release|Any CPU
		{87E6CEA4-F42F-4450-B405-958394DA5749}.Debug|Any CPU.ActiveCfg = Debug|Any CPU
		{87E6CEA4-F42F-4450-B405-958394DA5749}.Debug|Any CPU.Build.0 = Debug|Any CPU
		{87E6CEA4-F42F-4450-B405-958394DA5749}.Debug|x64.ActiveCfg = Debug|Any CPU
		{87E6CEA4-F42F-4450-B405-958394DA5749}.Debug|x64.Build.0 = Debug|Any CPU
		{87E6CEA4-F42F-4450-B405-958394DA5749}.Debug|x86.ActiveCfg = Debug|Any CPU
		{87E6CEA4-F42F-4450-B405-958394DA5749}.Debug|x86.Build.0 = Debug|Any CPU
		{87E6CEA4-F42F-4450-B405-958394DA5749}.Release|Any CPU.ActiveCfg = Release|Any CPU
		{87E6CEA4-F42F-4450-B405-958394DA5749}.Release|Any CPU.Build.0 = Release|Any CPU
		{87E6CEA4-F42F-4450-B405-958394DA5749}.Release|x64.ActiveCfg = Release|Any CPU
		{87E6CEA4-F42F-4450-B405-958394DA5749}.Release|x64.Build.0 = Release|Any CPU
		{87E6CEA4-F42F-4450-B405-958394DA5749}.Release|x86.ActiveCfg = Release|Any CPU
		{87E6CEA4-F42F-4450-B405-958394DA5749}.Release|x86.Build.0 = Release|Any CPU
	EndGlobalSection
EndGlobal
