
Microsoft Visual Studio Solution File, Format Version 12.00
# Visual Studio Version 16
VisualStudioVersion = 16.0.29326.143
MinimumVisualStudioVersion = 10.0.40219.1
Project("{FAE04EC0-301F-11D3-BF4B-00C04F79EFBC}") = "CNTK-Regression", "CNTK-Regression\CNTK-Regression.csproj", "{45528CC5-1A67-4ED7-9BE4-A965362F92E7}"
EndProject
Project("{9A19103F-16F7-4668-BE54-9A1E7A4F7556}") = "HousePricePrediction", "..\HousePricePrediction\HousePricePrediction.csproj", "{2EF7FCDA-FC3D-4631-BFE1-F55E054E7521}"
EndProject
Global
	GlobalSection(SolutionConfigurationPlatforms) = preSolution
		Debug|Any CPU = Debug|Any CPU
		Debug|x64 = Debug|x64
		Release|Any CPU = Release|Any CPU
		Release|x64 = Release|x64
	EndGlobalSection
	GlobalSection(ProjectConfigurationPlatforms) = postSolution
		{45528CC5-1A67-4ED7-9BE4-A965362F92E7}.Debug|Any CPU.ActiveCfg = Debug|Any CPU
		{45528CC5-1A67-4ED7-9BE4-A965362F92E7}.Debug|Any CPU.Build.0 = Debug|Any CPU
		{45528CC5-1A67-4ED7-9BE4-A965362F92E7}.Debug|x64.ActiveCfg = Debug|Any CPU
		{45528CC5-1A67-4ED7-9BE4-A965362F92E7}.Debug|x64.Build.0 = Debug|Any CPU
		{45528CC5-1A67-4ED7-9BE4-A965362F92E7}.Release|Any CPU.ActiveCfg = Release|Any CPU
		{45528CC5-1A67-4ED7-9BE4-A965362F92E7}.Release|Any CPU.Build.0 = Release|Any CPU
		{45528CC5-1A67-4ED7-9BE4-A965362F92E7}.Release|x64.ActiveCfg = Release|Any CPU
		{45528CC5-1A67-4ED7-9BE4-A965362F92E7}.Release|x64.Build.0 = Release|Any CPU
		{2EF7FCDA-FC3D-4631-BFE1-F55E054E7521}.Debug|Any CPU.ActiveCfg = Debug|x64
		{2EF7FCDA-FC3D-4631-BFE1-F55E054E7521}.Debug|x64.ActiveCfg = Debug|x64
		{2EF7FCDA-FC3D-4631-BFE1-F55E054E7521}.Debug|x64.Build.0 = Debug|x64
		{2EF7FCDA-FC3D-4631-BFE1-F55E054E7521}.Release|Any CPU.ActiveCfg = Release|x64
		{2EF7FCDA-FC3D-4631-BFE1-F55E054E7521}.Release|x64.ActiveCfg = Release|x64
		{2EF7FCDA-FC3D-4631-BFE1-F55E054E7521}.Release|x64.Build.0 = Release|x64
	EndGlobalSection
	GlobalSection(SolutionProperties) = preSolution
		HideSolutionNode = FALSE
	EndGlobalSection
	GlobalSection(ExtensibilityGlobals) = postSolution
		SolutionGuid = {5E7BD557-5269-45FD-86BE-02FE486B7354}
	EndGlobalSection
EndGlobal
